
Microsoft Visual Studio Solution File, Format Version 12.00
# Visual Studio Version 16
VisualStudioVersion = 16.0.28315.86
MinimumVisualStudioVersion = 10.0.40219.1
Project("{2150E333-8FDC-42A3-9474-1A3956D46DE8}") = "Engine", "Engine", "{57D29978-4D7B-41FA-9182-A6D236A7E89F}"
EndProject
Project("{2150E333-8FDC-42A3-9474-1A3956D46DE8}") = "Games", "Games", "{4E32B7B7-8FB2-4667-8FB9-57B7BEFB2156}"
EndProject
Project("{8BC9CEB8-8B4A-11D0-8D11-00A0C91BC942}") = "UE4", "Intermediate\ProjectFiles\UE4.vcxproj", "{1BDF4DAA-1B37-42DE-8D6A-A20AA5B97E2C}"
EndProject
Project("{8BC9CEB8-8B4A-11D0-8D11-00A0C91BC942}") = "UdemyProject1", "Intermediate\ProjectFiles\UdemyProject1.vcxproj", "{13DEF410-1EC3-419F-AD4C-9505DEFF4164}"
EndProject
Project("{2150E333-8FDC-42A3-9474-1A3956D46DE8}") = "Visualizers", "Visualizers", "{EC567F1C-D0C9-41B9-B485-B2F71E157D5B}"
	ProjectSection(SolutionItems) = preProject
		..\..\Program Files\Epic Games\UE_4.22\Engine\Extras\VisualStudioDebugging\UE4.natvis = ..\..\Program Files\Epic Games\UE_4.22\Engine\Extras\VisualStudioDebugging\UE4.natvis
	EndProjectSection
EndProject
Global
	GlobalSection(SolutionConfigurationPlatforms) = preSolution
		DebugGame Editor|HTML5 = DebugGame Editor|HTML5
		DebugGame Editor|Win32 = DebugGame Editor|Win32
		DebugGame Editor|Win64 = DebugGame Editor|Win64
		DebugGame|HTML5 = DebugGame|HTML5
		DebugGame|Win32 = DebugGame|Win32
		DebugGame|Win64 = DebugGame|Win64
		Development Editor|HTML5 = Development Editor|HTML5
		Development Editor|Win32 = Development Editor|Win32
		Development Editor|Win64 = Development Editor|Win64
		Development|HTML5 = Development|HTML5
		Development|Win32 = Development|Win32
		Development|Win64 = Development|Win64
		Shipping|HTML5 = Shipping|HTML5
		Shipping|Win32 = Shipping|Win32
		Shipping|Win64 = Shipping|Win64
	EndGlobalSection
	GlobalSection(ProjectConfigurationPlatforms) = postSolution
		{1BDF4DAA-1B37-42DE-8D6A-A20AA5B97E2C}.DebugGame Editor|HTML5.ActiveCfg = BuiltWithUnrealBuildTool|Win32
		{1BDF4DAA-1B37-42DE-8D6A-A20AA5B97E2C}.DebugGame Editor|Win32.ActiveCfg = BuiltWithUnrealBuildTool|Win32
		{1BDF4DAA-1B37-42DE-8D6A-A20AA5B97E2C}.DebugGame Editor|Win64.ActiveCfg = BuiltWithUnrealBuildTool|Win32
		{1BDF4DAA-1B37-42DE-8D6A-A20AA5B97E2C}.DebugGame|HTML5.ActiveCfg = BuiltWithUnrealBuildTool|Win32
		{1BDF4DAA-1B37-42DE-8D6A-A20AA5B97E2C}.DebugGame|Win32.ActiveCfg = BuiltWithUnrealBuildTool|Win32
		{1BDF4DAA-1B37-42DE-8D6A-A20AA5B97E2C}.DebugGame|Win64.ActiveCfg = BuiltWithUnrealBuildTool|Win32
		{1BDF4DAA-1B37-42DE-8D6A-A20AA5B97E2C}.Development Editor|HTML5.ActiveCfg = BuiltWithUnrealBuildTool|Win32
		{1BDF4DAA-1B37-42DE-8D6A-A20AA5B97E2C}.Development Editor|Win32.ActiveCfg = BuiltWithUnrealBuildTool|Win32
		{1BDF4DAA-1B37-42DE-8D6A-A20AA5B97E2C}.Development Editor|Win64.ActiveCfg = BuiltWithUnrealBuildTool|Win32
		{1BDF4DAA-1B37-42DE-8D6A-A20AA5B97E2C}.Development|HTML5.ActiveCfg = BuiltWithUnrealBuildTool|Win32
		{1BDF4DAA-1B37-42DE-8D6A-A20AA5B97E2C}.Development|Win32.ActiveCfg = BuiltWithUnrealBuildTool|Win32
		{1BDF4DAA-1B37-42DE-8D6A-A20AA5B97E2C}.Development|Win64.ActiveCfg = BuiltWithUnrealBuildTool|Win32
		{1BDF4DAA-1B37-42DE-8D6A-A20AA5B97E2C}.Shipping|HTML5.ActiveCfg = BuiltWithUnrealBuildTool|Win32
		{1BDF4DAA-1B37-42DE-8D6A-A20AA5B97E2C}.Shipping|Win32.ActiveCfg = BuiltWithUnrealBuildTool|Win32
		{1BDF4DAA-1B37-42DE-8D6A-A20AA5B97E2C}.Shipping|Win64.ActiveCfg = BuiltWithUnrealBuildTool|Win32
		{13DEF410-1EC3-419F-AD4C-9505DEFF4164}.DebugGame Editor|HTML5.ActiveCfg = Invalid|Win32
		{13DEF410-1EC3-419F-AD4C-9505DEFF4164}.DebugGame Editor|Win32.ActiveCfg = Invalid|Win32
		{13DEF410-1EC3-419F-AD4C-9505DEFF4164}.DebugGame Editor|Win64.ActiveCfg = DebugGame_Editor|x64
		{13DEF410-1EC3-419F-AD4C-9505DEFF4164}.DebugGame Editor|Win64.Build.0 = DebugGame_Editor|x64
		{13DEF410-1EC3-419F-AD4C-9505DEFF4164}.DebugGame|HTML5.ActiveCfg = HTML5_DebugGame|Win32
		{13DEF410-1EC3-419F-AD4C-9505DEFF4164}.DebugGame|HTML5.Build.0 = HTML5_DebugGame|Win32
		{13DEF410-1EC3-419F-AD4C-9505DEFF4164}.DebugGame|Win32.ActiveCfg = DebugGame|Win32
		{13DEF410-1EC3-419F-AD4C-9505DEFF4164}.DebugGame|Win32.Build.0 = DebugGame|Win32
		{13DEF410-1EC3-419F-AD4C-9505DEFF4164}.DebugGame|Win64.ActiveCfg = DebugGame|x64
		{13DEF410-1EC3-419F-AD4C-9505DEFF4164}.DebugGame|Win64.Build.0 = DebugGame|x64
		{13DEF410-1EC3-419F-AD4C-9505DEFF4164}.Development Editor|HTML5.ActiveCfg = Invalid|Win32
		{13DEF410-1EC3-419F-AD4C-9505DEFF4164}.Development Editor|Win32.ActiveCfg = Invalid|Win32
		{13DEF410-1EC3-419F-AD4C-9505DEFF4164}.Development Editor|Win64.ActiveCfg = Development_Editor|x64
		{13DEF410-1EC3-419F-AD4C-9505DEFF4164}.Development Editor|Win64.Build.0 = Development_Editor|x64
		{13DEF410-1EC3-419F-AD4C-9505DEFF4164}.Development|HTML5.ActiveCfg = HTML5_Development|Win32
		{13DEF410-1EC3-419F-AD4C-9505DEFF4164}.Development|HTML5.Build.0 = HTML5_Development|Win32
		{13DEF410-1EC3-419F-AD4C-9505DEFF4164}.Development|Win32.ActiveCfg = Development|Win32
		{13DEF410-1EC3-419F-AD4C-9505DEFF4164}.Development|Win32.Build.0 = Development|Win32
		{13DEF410-1EC3-419F-AD4C-9505DEFF4164}.Development|Win64.ActiveCfg = Development|x64
		{13DEF410-1EC3-419F-AD4C-9505DEFF4164}.Development|Win64.Build.0 = Development|x64
		{13DEF410-1EC3-419F-AD4C-9505DEFF4164}.Shipping|HTML5.ActiveCfg = HTML5_Shipping|Win32
		{13DEF410-1EC3-419F-AD4C-9505DEFF4164}.Shipping|HTML5.Build.0 = HTML5_Shipping|Win32
		{13DEF410-1EC3-419F-AD4C-9505DEFF4164}.Shipping|Win32.ActiveCfg = Shipping|Win32
		{13DEF410-1EC3-419F-AD4C-9505DEFF4164}.Shipping|Win32.Build.0 = Shipping|Win32
		{13DEF410-1EC3-419F-AD4C-9505DEFF4164}.Shipping|Win64.ActiveCfg = Shipping|x64
		{13DEF410-1EC3-419F-AD4C-9505DEFF4164}.Shipping|Win64.Build.0 = Shipping|x64
	EndGlobalSection
	GlobalSection(SolutionProperties) = preSolution
		HideSolutionNode = FALSE
	EndGlobalSection
	GlobalSection(NestedProjects) = preSolution
		{1BDF4DAA-1B37-42DE-8D6A-A20AA5B97E2C} = {57D29978-4D7B-41FA-9182-A6D236A7E89F}
		{13DEF410-1EC3-419F-AD4C-9505DEFF4164} = {4E32B7B7-8FB2-4667-8FB9-57B7BEFB2156}
	EndGlobalSection
EndGlobal
